
Microsoft Visual Studio Solution File, Format Version 12.00
# Visual Studio Version 17
VisualStudioVersion = 17.9.34728.123
MinimumVisualStudioVersion = 10.0.40219.1
Project("{2150E333-8FDC-42A3-9474-1A3956D46DE8}") = "src", "src", "{4380BBFC-E595-4C52-8FD4-D39252E3BB9A}"
EndProject
Project("{FAE04EC0-301F-11D3-BF4B-00C04F79EFBC}") = "TrackingChangesBimModel.Infrastructure", "src\TrackongChangesBimModel.Infrastructure\TrackingChangesBimModel.Infrastructure.csproj", "{2B105736-99A5-4E4B-A375-159D6EDF0A2A}"
EndProject
Project("{FAE04EC0-301F-11D3-BF4B-00C04F79EFBC}") = "TrackingChangesBimModel.Domain", "src\TrackingChangesBimModel.Domain\TrackingChangesBimModel.Domain.csproj", "{C9A2C19D-9D42-4677-AC31-5D6E2ADFB97C}"
EndProject
Project("{FAE04EC0-301F-11D3-BF4B-00C04F79EFBC}") = "TrackingChangesBimModel.Application", "src\TrackingChangesBimModel.Application\TrackingChangesBimModel.Application.csproj", "{A5E0B412-3DA1-4C92-8052-F14EBB5842A7}"
EndProject
Project("{FAE04EC0-301F-11D3-BF4B-00C04F79EFBC}") = "TrackingChangesBimModel.Presentation", "src\MonitoringBIMModel\TrackingChangesBimModel.Presentation.csproj", "{A177A37B-8B88-4105-9551-B74F51A726C7}"
EndProject
Project("{FAE04EC0-301F-11D3-BF4B-00C04F79EFBC}") = "TrackingChangesBimModel.RevitPlugin", "src\TrackingChangesBimModel.RevitPlugin\TrackingChangesBimModel.RevitPlugin.csproj", "{0AC46511-B664-41DE-8588-149B2958C464}"
EndProject
Global
	GlobalSection(SolutionConfigurationPlatforms) = preSolution
		Debug|Any CPU = Debug|Any CPU
		Release|Any CPU = Release|Any CPU
	EndGlobalSection
	GlobalSection(ProjectConfigurationPlatforms) = postSolution
		{2B105736-99A5-4E4B-A375-159D6EDF0A2A}.Debug|Any CPU.ActiveCfg = Debug|Any CPU
		{2B105736-99A5-4E4B-A375-159D6EDF0A2A}.Debug|Any CPU.Build.0 = Debug|Any CPU
		{2B105736-99A5-4E4B-A375-159D6EDF0A2A}.Release|Any CPU.ActiveCfg = Release|Any CPU
		{2B105736-99A5-4E4B-A375-159D6EDF0A2A}.Release|Any CPU.Build.0 = Release|Any CPU
		{C9A2C19D-9D42-4677-AC31-5D6E2ADFB97C}.Debug|Any CPU.ActiveCfg = Debug|Any CPU
		{C9A2C19D-9D42-4677-AC31-5D6E2ADFB97C}.Debug|Any CPU.Build.0 = Debug|Any CPU
		{C9A2C19D-9D42-4677-AC31-5D6E2ADFB97C}.Release|Any CPU.ActiveCfg = Release|Any CPU
		{C9A2C19D-9D42-4677-AC31-5D6E2ADFB97C}.Release|Any CPU.Build.0 = Release|Any CPU
		{A5E0B412-3DA1-4C92-8052-F14EBB5842A7}.Debug|Any CPU.ActiveCfg = Debug|Any CPU
		{A5E0B412-3DA1-4C92-8052-F14EBB5842A7}.Debug|Any CPU.Build.0 = Debug|Any CPU
		{A5E0B412-3DA1-4C92-8052-F14EBB5842A7}.Release|Any CPU.ActiveCfg = Release|Any CPU
		{A5E0B412-3DA1-4C92-8052-F14EBB5842A7}.Release|Any CPU.Build.0 = Release|Any CPU
		{A177A37B-8B88-4105-9551-B74F51A726C7}.Debug|Any CPU.ActiveCfg = Debug|Any CPU
		{A177A37B-8B88-4105-9551-B74F51A726C7}.Debug|Any CPU.Build.0 = Debug|Any CPU
		{A177A37B-8B88-4105-9551-B74F51A726C7}.Release|Any CPU.ActiveCfg = Release|Any CPU
		{A177A37B-8B88-4105-9551-B74F51A726C7}.Release|Any CPU.Build.0 = Release|Any CPU
		{0AC46511-B664-41DE-8588-149B2958C464}.Debug|Any CPU.ActiveCfg = Debug|Any CPU
		{0AC46511-B664-41DE-8588-149B2958C464}.Debug|Any CPU.Build.0 = Debug|Any CPU
		{0AC46511-B664-41DE-8588-149B2958C464}.Release|Any CPU.ActiveCfg = Release|Any CPU
		{0AC46511-B664-41DE-8588-149B2958C464}.Release|Any CPU.Build.0 = Release|Any CPU
	EndGlobalSection
	GlobalSection(SolutionProperties) = preSolution
		HideSolutionNode = FALSE
	EndGlobalSection
	GlobalSection(NestedProjects) = preSolution
		{2B105736-99A5-4E4B-A375-159D6EDF0A2A} = {4380BBFC-E595-4C52-8FD4-D39252E3BB9A}
		{C9A2C19D-9D42-4677-AC31-5D6E2ADFB97C} = {4380BBFC-E595-4C52-8FD4-D39252E3BB9A}
		{A5E0B412-3DA1-4C92-8052-F14EBB5842A7} = {4380BBFC-E595-4C52-8FD4-D39252E3BB9A}
		{A177A37B-8B88-4105-9551-B74F51A726C7} = {4380BBFC-E595-4C52-8FD4-D39252E3BB9A}
	EndGlobalSection
	GlobalSection(ExtensibilityGlobals) = postSolution
		SolutionGuid = {AE628FD8-B0E1-4164-BE5B-A46AA735B8D5}
	EndGlobalSection
EndGlobal
